
Microsoft Visual Studio Solution File, Format Version 12.00
# Visual Studio Version 16
VisualStudioVersion = 16.0.32228.343
MinimumVisualStudioVersion = 10.0.40219.1
Project("{FAE04EC0-301F-11D3-BF4B-00C04F79EFBC}") = "FinalProject", "FinalProject\FinalProject.csproj", "{8F22C26E-B394-46EB-9337-D7CF9C7EEF96}"
EndProject
Global
	GlobalSection(SolutionConfigurationPlatforms) = preSolution
		Debug|Any CPU = Debug|Any CPU
		Release|Any CPU = Release|Any CPU
	EndGlobalSection
	GlobalSection(ProjectConfigurationPlatforms) = postSolution
		{8F22C26E-B394-46EB-9337-D7CF9C7EEF96}.Debug|Any CPU.ActiveCfg = Debug|Any CPU
		{8F22C26E-B394-46EB-9337-D7CF9C7EEF96}.Debug|Any CPU.Build.0 = Debug|Any CPU
		{8F22C26E-B394-46EB-9337-D7CF9C7EEF96}.Release|Any CPU.ActiveCfg = Release|Any CPU
		{8F22C26E-B394-46EB-9337-D7CF9C7EEF96}.Release|Any CPU.Build.0 = Release|Any CPU
	EndGlobalSection
	GlobalSection(SolutionProperties) = preSolution
		HideSolutionNode = FALSE
	EndGlobalSection
	GlobalSection(ExtensibilityGlobals) = postSolution
		SolutionGuid = {7E62B52E-1AE3-4964-BC96-8DBB5F2E53D7}
	EndGlobalSection
EndGlobal
